// !$*UTF8*$!
{
	archiveVersion = 1;
	classes = {
	};
	objectVersion = 77;
	objects = {

/* Begin PBXContainerItemProxy section */
		AB83E1712E4BAEF300EC2456 /* PBXContainerItemProxy */ = {
			isa = PBXContainerItemProxy;
			containerPortal = AB83E1592E4BAEF100EC2456 /* Project object */;
			proxyType = 1;
			remoteGlobalIDString = AB83E1602E4BAEF100EC2456;
			remoteInfo = CoffeeTracker;
		};
		AB83E17B2E4BAEF300EC2456 /* PBXContainerItemProxy */ = {
			isa = PBXContainerItemProxy;
			containerPortal = AB83E1592E4BAEF100EC2456 /* Project object */;
			proxyType = 1;
			remoteGlobalIDString = AB83E1602E4BAEF100EC2456;
			remoteInfo = CoffeeTracker;
		};
/* End PBXContainerItemProxy section */

/* Begin PBXFileReference section */
		AB83E1612E4BAEF100EC2456 /* CoffeeTracker.app */ = {isa = PBXFileReference; explicitFileType = wrapper.application; includeInIndex = 0; path = CoffeeTracker.app; sourceTree = BUILT_PRODUCTS_DIR; };
		AB83E1702E4BAEF300EC2456 /* CoffeeTrackerTests.xctest */ = {isa = PBXFileReference; explicitFileType = wrapper.cfbundle; includeInIndex = 0; path = CoffeeTrackerTests.xctest; sourceTree = BUILT_PRODUCTS_DIR; };
		AB83E17A2E4BAEF300EC2456 /* CoffeeTrackerUITests.xctest */ = {isa = PBXFileReference; explicitFileType = wrapper.cfbundle; includeInIndex = 0; path = CoffeeTrackerUITests.xctest; sourceTree = BUILT_PRODUCTS_DIR; };
/* End PBXFileReference section */

/* Begin PBXFileSystemSynchronizedRootGroup section */
		AB83E1632E4BAEF100EC2456 /* CoffeeTracker */ = {
			isa = PBXFileSystemSynchronizedRootGroup;
			path = CoffeeTracker;
			sourceTree = "<group>";
		};
		AB83E1732E4BAEF300EC2456 /* CoffeeTrackerTests */ = {
			isa = PBXFileSystemSynchronizedRootGroup;
			path = CoffeeTrackerTests;
			sourceTree = "<group>";
		};
		AB83E17D2E4BAEF300EC2456 /* CoffeeTrackerUITests */ = {
			isa = PBXFileSystemSynchronizedRootGroup;
			path = CoffeeTrackerUITests;
			sourceTree = "<group>";
		};
/* End PBXFileSystemSynchronizedRootGroup section */

/* Begin PBXFrameworksBuildPhase section */
		AB83E15E2E4BAEF100EC2456 /* Frameworks */ = {
			isa = PBXFrameworksBuildPhase;
			buildActionMask = 2147483647;
			files = (
			);
			runOnlyForDeploymentPostprocessing = 0;
		};
		AB83E16D2E4BAEF300EC2456 /* Frameworks */ = {
			isa = PBXFrameworksBuildPhase;
			buildActionMask = 2147483647;
			files = (
			);
			runOnlyForDeploymentPostprocessing = 0;
		};
		AB83E1772E4BAEF300EC2456 /* Frameworks */ = {
			isa = PBXFrameworksBuildPhase;
			buildActionMask = 2147483647;
			files = (
			);
			runOnlyForDeploymentPostprocessing = 0;
		};
/* End PBXFrameworksBuildPhase section */

/* Begin PBXGroup section */
		AB83E1582E4BAEF100EC2456 = {
			isa = PBXGroup;
			children = (
				AB83E1632E4BAEF100EC2456 /* CoffeeTracker */,
				AB83E1732E4BAEF300EC2456 /* CoffeeTrackerTests */,
				AB83E17D2E4BAEF300EC2456 /* CoffeeTrackerUITests */,
				AB83E1622E4BAEF100EC2456 /* Products */,
			);
			sourceTree = "<group>";
		};
		AB83E1622E4BAEF100EC2456 /* Products */ = {
			isa = PBXGroup;
			children = (
				AB83E1612E4BAEF100EC2456 /* CoffeeTracker.app */,
				AB83E1702E4BAEF300EC2456 /* CoffeeTrackerTests.xctest */,
				AB83E17A2E4BAEF300EC2456 /* CoffeeTrackerUITests.xctest */,
			);
			name = Products;
			sourceTree = "<group>";
		};
/* End PBXGroup section */

/* Begin PBXNativeTarget section */
		AB83E1602E4BAEF100EC2456 /* CoffeeTracker */ = {
			isa = PBXNativeTarget;
			buildConfigurationList = AB83E1842E4BAEF300EC2456 /* Build configuration list for PBXNativeTarget "CoffeeTracker" */;
			buildPhases = (
				AB83E15D2E4BAEF100EC2456 /* Sources */,
				AB83E15E2E4BAEF100EC2456 /* Frameworks */,
				AB83E15F2E4BAEF100EC2456 /* Resources */,
			);
			buildRules = (
			);
			dependencies = (
			);
			fileSystemSynchronizedGroups = (
				AB83E1632E4BAEF100EC2456 /* CoffeeTracker */,
			);
			name = CoffeeTracker;
			packageProductDependencies = (
			);
			productName = CoffeeTracker;
			productReference = AB83E1612E4BAEF100EC2456 /* CoffeeTracker.app */;
			productType = "com.apple.product-type.application";
		};
		AB83E16F2E4BAEF300EC2456 /* CoffeeTrackerTests */ = {
			isa = PBXNativeTarget;
			buildConfigurationList = AB83E1872E4BAEF300EC2456 /* Build configuration list for PBXNativeTarget "CoffeeTrackerTests" */;
			buildPhases = (
				AB83E16C2E4BAEF300EC2456 /* Sources */,
				AB83E16D2E4BAEF300EC2456 /* Frameworks */,
				AB83E16E2E4BAEF300EC2456 /* Resources */,
			);
			buildRules = (
			);
			dependencies = (
				AB83E1722E4BAEF300EC2456 /* PBXTargetDependency */,
			);
			fileSystemSynchronizedGroups = (
				AB83E1732E4BAEF300EC2456 /* CoffeeTrackerTests */,
			);
			name = CoffeeTrackerTests;
			packageProductDependencies = (
			);
			productName = CoffeeTrackerTests;
			productReference = AB83E1702E4BAEF300EC2456 /* CoffeeTrackerTests.xctest */;
			productType = "com.apple.product-type.bundle.unit-test";
		};
		AB83E1792E4BAEF300EC2456 /* CoffeeTrackerUITests */ = {
			isa = PBXNativeTarget;
			buildConfigurationList = AB83E18A2E4BAEF300EC2456 /* Build configuration list for PBXNativeTarget "CoffeeTrackerUITests" */;
			buildPhases = (
				AB83E1762E4BAEF300EC2456 /* Sources */,
				AB83E1772E4BAEF300EC2456 /* Frameworks */,
				AB83E1782E4BAEF300EC2456 /* Resources */,
			);
			buildRules = (
			);
			dependencies = (
				AB83E17C2E4BAEF300EC2456 /* PBXTargetDependency */,
			);
			fileSystemSynchronizedGroups = (
				AB83E17D2E4BAEF300EC2456 /* CoffeeTrackerUITests */,
			);
			name = CoffeeTrackerUITests;
			packageProductDependencies = (
			);
			productName = CoffeeTrackerUITests;
			productReference = AB83E17A2E4BAEF300EC2456 /* CoffeeTrackerUITests.xctest */;
			productType = "com.apple.product-type.bundle.ui-testing";
		};
/* End PBXNativeTarget section */

/* Begin PBXProject section */
		AB83E1592E4BAEF100EC2456 /* Project object */ = {
			isa = PBXProject;
			attributes = {
				BuildIndependentTargetsInParallel = 1;
				LastSwiftUpdateCheck = 1640;
				LastUpgradeCheck = 1640;
				TargetAttributes = {
					AB83E1602E4BAEF100EC2456 = {
						CreatedOnToolsVersion = 16.4;
					};
					AB83E16F2E4BAEF300EC2456 = {
						CreatedOnToolsVersion = 16.4;
						TestTargetID = AB83E1602E4BAEF100EC2456;
					};
					AB83E1792E4BAEF300EC2456 = {
						CreatedOnToolsVersion = 16.4;
						TestTargetID = AB83E1602E4BAEF100EC2456;
					};
				};
			};
			buildConfigurationList = AB83E15C2E4BAEF100EC2456 /* Build configuration list for PBXProject "CoffeeTracker" */;
			developmentRegion = en;
			hasScannedForEncodings = 0;
			knownRegions = (
				en,
				Base,
			);
			mainGroup = AB83E1582E4BAEF100EC2456;
			minimizedProjectReferenceProxies = 1;
			preferredProjectObjectVersion = 77;
			productRefGroup = AB83E1622E4BAEF100EC2456 /* Products */;
			projectDirPath = "";
			projectRoot = "";
			targets = (
				AB83E1602E4BAEF100EC2456 /* CoffeeTracker */,
				AB83E16F2E4BAEF300EC2456 /* CoffeeTrackerTests */,
				AB83E1792E4BAEF300EC2456 /* CoffeeTrackerUITests */,
			);
		};
/* End PBXProject section */

/* Begin PBXResourcesBuildPhase section */
		AB83E15F2E4BAEF100EC2456 /* Resources */ = {
			isa = PBXResourcesBuildPhase;
			buildActionMask = 2147483647;
			files = (
			);
			runOnlyForDeploymentPostprocessing = 0;
		};
		AB83E16E2E4BAEF300EC2456 /* Resources */ = {
			isa = PBXResourcesBuildPhase;
			buildActionMask = 2147483647;
			files = (
			);
			runOnlyForDeploymentPostprocessing = 0;
		};
		AB83E1782E4BAEF300EC2456 /* Resources */ = {
			isa = PBXResourcesBuildPhase;
			buildActionMask = 2147483647;
			files = (
			);
			runOnlyForDeploymentPostprocessing = 0;
		};
/* End PBXResourcesBuildPhase section */

/* Begin PBXSourcesBuildPhase section */
		AB83E15D2E4BAEF100EC2456 /* Sources */ = {
			isa = PBXSourcesBuildPhase;
			buildActionMask = 2147483647;
			files = (
			);
			runOnlyForDeploymentPostprocessing = 0;
		};
		AB83E16C2E4BAEF300EC2456 /* Sources */ = {
			isa = PBXSourcesBuildPhase;
			buildActionMask = 2147483647;
			files = (
			);
			runOnlyForDeploymentPostprocessing = 0;
		};
		AB83E1762E4BAEF300EC2456 /* Sources */ = {
			isa = PBXSourcesBuildPhase;
			buildActionMask = 2147483647;
			files = (
			);
			runOnlyForDeploymentPostprocessing = 0;
		};
/* End PBXSourcesBuildPhase section */

/* Begin PBXTargetDependency section */
		AB83E1722E4BAEF300EC2456 /* PBXTargetDependency */ = {
			isa = PBXTargetDependency;
			target = AB83E1602E4BAEF100EC2456 /* CoffeeTracker */;
			targetProxy = AB83E1712E4BAEF300EC2456 /* PBXContainerItemProxy */;
		};
		AB83E17C2E4BAEF300EC2456 /* PBXTargetDependency */ = {
			isa = PBXTargetDependency;
			target = AB83E1602E4BAEF100EC2456 /* CoffeeTracker */;
			targetProxy = AB83E17B2E4BAEF300EC2456 /* PBXContainerItemProxy */;
		};
/* End PBXTargetDependency section */

/* Begin XCBuildConfiguration section */
		AB83E1822E4BAEF300EC2456 /* Debug */ = {
			isa = XCBuildConfiguration;
			buildSettings = {
				ALWAYS_SEARCH_USER_PATHS = NO;
				ASSETCATALOG_COMPILER_GENERATE_SWIFT_ASSET_SYMBOL_EXTENSIONS = YES;
				CLANG_ANALYZER_NONNULL = YES;
				CLANG_ANALYZER_NUMBER_OBJECT_CONVERSION = YES_AGGRESSIVE;
				CLANG_CXX_LANGUAGE_STANDARD = "gnu++20";
				CLANG_ENABLE_MODULES = YES;
				CLANG_ENABLE_OBJC_ARC = YES;
				CLANG_ENABLE_OBJC_WEAK = YES;
				CLANG_WARN_BLOCK_CAPTURE_AUTORELEASING = YES;
				CLANG_WARN_BOOL_CONVERSION = YES;
				CLANG_WARN_COMMA = YES;
				CLANG_WARN_CONSTANT_CONVERSION = YES;
				CLANG_WARN_DEPRECATED_OBJC_IMPLEMENTATIONS = YES;
				CLANG_WARN_DIRECT_OBJC_ISA_USAGE = YES_ERROR;
				CLANG_WARN_DOCUMENTATION_COMMENTS = YES;
				CLANG_WARN_EMPTY_BODY = YES;
				CLANG_WARN_ENUM_CONVERSION = YES;
				CLANG_WARN_INFINITE_RECURSION = YES;
				CLANG_WARN_INT_CONVERSION = YES;
				CLANG_WARN_NON_LITERAL_NULL_CONVERSION = YES;
				CLANG_WARN_OBJC_IMPLICIT_RETAIN_SELF = YES;
				CLANG_WARN_OBJC_LITERAL_CONVERSION = YES;
				CLANG_WARN_OBJC_ROOT_CLASS = YES_ERROR;
				CLANG_WARN_QUOTED_INCLUDE_IN_FRAMEWORK_HEADER = YES;
				CLANG_WARN_RANGE_LOOP_ANALYSIS = YES;
				CLANG_WARN_STRICT_PROTOTYPES = YES;
				CLANG_WARN_SUSPICIOUS_MOVE = YES;
				CLANG_WARN_UNGUARDED_AVAILABILITY = YES_AGGRESSIVE;
				CLANG_WARN_UNREACHABLE_CODE = YES;
				CLANG_WARN__DUPLICATE_METHOD_MATCH = YES;
				COPY_PHASE_STRIP = NO;
				DEBUG_INFORMATION_FORMAT = dwarf;
				ENABLE_STRICT_OBJC_MSGSEND = YES;
				ENABLE_TESTABILITY = YES;
				ENABLE_USER_SCRIPT_SANDBOXING = YES;
				GCC_C_LANGUAGE_STANDARD = gnu17;
				GCC_DYNAMIC_NO_PIC = NO;
				GCC_NO_COMMON_BLOCKS = YES;
				GCC_OPTIMIZATION_LEVEL = 0;
				GCC_PREPROCESSOR_DEFINITIONS = (
					"DEBUG=1",
					"$(inherited)",
				);
				GCC_WARN_64_TO_32_BIT_CONVERSION = YES;
				GCC_WARN_ABOUT_RETURN_TYPE = YES_ERROR;
				GCC_WARN_UNDECLARED_SELECTOR = YES;
				GCC_WARN_UNINITIALIZED_AUTOS = YES_AGGRESSIVE;
				GCC_WARN_UNUSED_FUNCTION = YES;
				GCC_WARN_UNUSED_VARIABLE = YES;
				IPHONEOS_DEPLOYMENT_TARGET = 18.5;
				LOCALIZATION_PREFERS_STRING_CATALOGS = YES;
				MTL_ENABLE_DEBUG_INFO = INCLUDE_SOURCE;
				MTL_FAST_MATH = YES;
				ONLY_ACTIVE_ARCH = YES;
				SDKROOT = iphoneos;
				SWIFT_ACTIVE_COMPILATION_CONDITIONS = "DEBUG $(inherited)";
				SWIFT_OPTIMIZATION_LEVEL = "-Onone";
			};
			name = Debug;
		};
		AB83E1832E4BAEF300EC2456 /* Release */ = {
			isa = XCBuildConfiguration;
			buildSettings = {
				ALWAYS_SEARCH_USER_PATHS = NO;
				ASSETCATALOG_COMPILER_GENERATE_SWIFT_ASSET_SYMBOL_EXTENSIONS = YES;
				CLANG_ANALYZER_NONNULL = YES;
				CLANG_ANALYZER_NUMBER_OBJECT_CONVERSION = YES_AGGRESSIVE;
				CLANG_CXX_LANGUAGE_STANDARD = "gnu++20";
				CLANG_ENABLE_MODULES = YES;
				CLANG_ENABLE_OBJC_ARC = YES;
				CLANG_ENABLE_OBJC_WEAK = YES;
				CLANG_WARN_BLOCK_CAPTURE_AUTORELEASING = YES;
				CLANG_WARN_BOOL_CONVERSION = YES;
				CLANG_WARN_COMMA = YES;
				CLANG_WARN_CONSTANT_CONVERSION = YES;
				CLANG_WARN_DEPRECATED_OBJC_IMPLEMENTATIONS = YES;
				CLANG_WARN_DIRECT_OBJC_ISA_USAGE = YES_ERROR;
				CLANG_WARN_DOCUMENTATION_COMMENTS = YES;
				CLANG_WARN_EMPTY_BODY = YES;
				CLANG_WARN_ENUM_CONVERSION = YES;
				CLANG_WARN_INFINITE_RECURSION = YES;
				CLANG_WARN_INT_CONVERSION = YES;
				CLANG_WARN_NON_LITERAL_NULL_CONVERSION = YES;
				CLANG_WARN_OBJC_IMPLICIT_RETAIN_SELF = YES;
				CLANG_WARN_OBJC_LITERAL_CONVERSION = YES;
				CLANG_WARN_OBJC_ROOT_CLASS = YES_ERROR;
				CLANG_WARN_QUOTED_INCLUDE_IN_FRAMEWORK_HEADER = YES;
				CLANG_WARN_RANGE_LOOP_ANALYSIS = YES;
				CLANG_WARN_STRICT_PROTOTYPES = YES;
				CLANG_WARN_SUSPICIOUS_MOVE = YES;
				CLANG_WARN_UNGUARDED_AVAILABILITY = YES_AGGRESSIVE;
				CLANG_WARN_UNREACHABLE_CODE = YES;
				CLANG_WARN__DUPLICATE_METHOD_MATCH = YES;
				COPY_PHASE_STRIP = NO;
				DEBUG_INFORMATION_FORMAT = "dwarf-with-dsym";
				ENABLE_NS_ASSERTIONS = NO;
				ENABLE_STRICT_OBJC_MSGSEND = YES;
				ENABLE_USER_SCRIPT_SANDBOXING = YES;
				GCC_C_LANGUAGE_STANDARD = gnu17;
				GCC_NO_COMMON_BLOCKS = YES;
				GCC_WARN_64_TO_32_BIT_CONVERSION = YES;
				GCC_WARN_ABOUT_RETURN_TYPE = YES_ERROR;
				GCC_WARN_UNDECLARED_SELECTOR = YES;
				GCC_WARN_UNINITIALIZED_AUTOS = YES_AGGRESSIVE;
				GCC_WARN_UNUSED_FUNCTION = YES;
				GCC_WARN_UNUSED_VARIABLE = YES;
				IPHONEOS_DEPLOYMENT_TARGET = 18.5;
				LOCALIZATION_PREFERS_STRING_CATALOGS = YES;
				MTL_ENABLE_DEBUG_INFO = NO;
				MTL_FAST_MATH = YES;
				SDKROOT = iphoneos;
				SWIFT_COMPILATION_MODE = wholemodule;
				VALIDATE_PRODUCT = YES;
			};
			name = Release;
		};
		AB83E1852E4BAEF300EC2456 /* Debug */ = {
			isa = XCBuildConfiguration;
			buildSettings = {
				ASSETCATALOG_COMPILER_APPICON_NAME = AppIcon;
				ASSETCATALOG_COMPILER_GLOBAL_ACCENT_COLOR_NAME = AccentColor;
				CODE_SIGN_STYLE = Automatic;
				CURRENT_PROJECT_VERSION = 1;
				ENABLE_PREVIEWS = YES;
				GENERATE_INFOPLIST_FILE = YES;
				INFOPLIST_KEY_UIApplicationSceneManifest_Generation = YES;
				INFOPLIST_KEY_UIApplicationSupportsIndirectInputEvents = YES;
				INFOPLIST_KEY_UILaunchScreen_Generation = YES;
				INFOPLIST_KEY_UISupportedInterfaceOrientations_iPad = "UIInterfaceOrientationPortrait UIInterfaceOrientationPortraitUpsideDown UIInterfaceOrientationLandscapeLeft UIInterfaceOrientationLandscapeRight";
				INFOPLIST_KEY_UISupportedInterfaceOrientations_iPhone = "UIInterfaceOrientationPortrait UIInterfaceOrientationLandscapeLeft UIInterfaceOrientationLandscapeRight";
				LD_RUNPATH_SEARCH_PATHS = (
					"$(inherited)",
					"@executable_path/Frameworks",
				);
				MARKETING_VERSION = 1.0;
				PRODUCT_BUNDLE_IDENTIFIER = com.taylor.CoffeeTracker;
				PRODUCT_NAME = "$(TARGET_NAME)";
				SWIFT_EMIT_LOC_STRINGS = YES;
				SWIFT_VERSION = 5.0;
				TARGETED_DEVICE_FAMILY = "1,2";
			};
			name = Debug;
		};
		AB83E1862E4BAEF300EC2456 /* Release */ = {
			isa = XCBuildConfiguration;
			buildSettings = {
				ASSETCATALOG_COMPILER_APPICON_NAME = AppIcon;
				ASSETCATALOG_COMPILER_GLOBAL_ACCENT_COLOR_NAME = AccentColor;
				CODE_SIGN_STYLE = Automatic;
				CURRENT_PROJECT_VERSION = 1;
				ENABLE_PREVIEWS = YES;
				GENERATE_INFOPLIST_FILE = YES;
				INFOPLIST_KEY_UIApplicationSceneManifest_Generation = YES;
				INFOPLIST_KEY_UIApplicationSupportsIndirectInputEvents = YES;
				INFOPLIST_KEY_UILaunchScreen_Generation = YES;
				INFOPLIST_KEY_UISupportedInterfaceOrientations_iPad = "UIInterfaceOrientationPortrait UIInterfaceOrientationPortraitUpsideDown UIInterfaceOrientationLandscapeLeft UIInterfaceOrientationLandscapeRight";
				INFOPLIST_KEY_UISupportedInterfaceOrientations_iPhone = "UIInterfaceOrientationPortrait UIInterfaceOrientationLandscapeLeft UIInterfaceOrientationLandscapeRight";
				LD_RUNPATH_SEARCH_PATHS = (
					"$(inherited)",
					"@executable_path/Frameworks",
				);
				MARKETING_VERSION = 1.0;
				PRODUCT_BUNDLE_IDENTIFIER = com.taylor.CoffeeTracker;
				PRODUCT_NAME = "$(TARGET_NAME)";
				SWIFT_EMIT_LOC_STRINGS = YES;
				SWIFT_VERSION = 5.0;
				TARGETED_DEVICE_FAMILY = "1,2";
			};
			name = Release;
		};
		AB83E1882E4BAEF300EC2456 /* Debug */ = {
			isa = XCBuildConfiguration;
			buildSettings = {
				BUNDLE_LOADER = "$(TEST_HOST)";
				CODE_SIGN_STYLE = Automatic;
				CURRENT_PROJECT_VERSION = 1;
				GENERATE_INFOPLIST_FILE = YES;
				IPHONEOS_DEPLOYMENT_TARGET = 18.5;
				MARKETING_VERSION = 1.0;
				PRODUCT_BUNDLE_IDENTIFIER = com.taylor.CoffeeTrackerTests;
				PRODUCT_NAME = "$(TARGET_NAME)";
				SWIFT_EMIT_LOC_STRINGS = NO;
				SWIFT_VERSION = 5.0;
				TARGETED_DEVICE_FAMILY = "1,2";
				TEST_HOST = "$(BUILT_PRODUCTS_DIR)/CoffeeTracker.app/$(BUNDLE_EXECUTABLE_FOLDER_PATH)/CoffeeTracker";
			};
			name = Debug;
		};
		AB83E1892E4BAEF300EC2456 /* Release */ = {
			isa = XCBuildConfiguration;
			buildSettings = {
				BUNDLE_LOADER = "$(TEST_HOST)";
				CODE_SIGN_STYLE = Automatic;
				CURRENT_PROJECT_VERSION = 1;
				GENERATE_INFOPLIST_FILE = YES;
				IPHONEOS_DEPLOYMENT_TARGET = 18.5;
				MARKETING_VERSION = 1.0;
				PRODUCT_BUNDLE_IDENTIFIER = com.taylor.CoffeeTrackerTests;
				PRODUCT_NAME = "$(TARGET_NAME)";
				SWIFT_EMIT_LOC_STRINGS = NO;
				SWIFT_VERSION = 5.0;
				TARGETED_DEVICE_FAMILY = "1,2";
				TEST_HOST = "$(BUILT_PRODUCTS_DIR)/CoffeeTracker.app/$(BUNDLE_EXECUTABLE_FOLDER_PATH)/CoffeeTracker";
			};
			name = Release;
		};
		AB83E18B2E4BAEF300EC2456 /* Debug */ = {
			isa = XCBuildConfiguration;
			buildSettings = {
				CODE_SIGN_STYLE = Automatic;
				CURRENT_PROJECT_VERSION = 1;
				GENERATE_INFOPLIST_FILE = YES;
				MARKETING_VERSION = 1.0;
				PRODUCT_BUNDLE_IDENTIFIER = com.taylor.CoffeeTrackerUITests;
				PRODUCT_NAME = "$(TARGET_NAME)";
				SWIFT_EMIT_LOC_STRINGS = NO;
				SWIFT_VERSION = 5.0;
				TARGETED_DEVICE_FAMILY = "1,2";
				TEST_TARGET_NAME = CoffeeTracker;
			};
			name = Debug;
		};
		AB83E18C2E4BAEF300EC2456 /* Release */ = {
			isa = XCBuildConfiguration;
			buildSettings = {
				CODE_SIGN_STYLE = Automatic;
				CURRENT_PROJECT_VERSION = 1;
				GENERATE_INFOPLIST_FILE = YES;
				MARKETING_VERSION = 1.0;
				PRODUCT_BUNDLE_IDENTIFIER = com.taylor.CoffeeTrackerUITests;
				PRODUCT_NAME = "$(TARGET_NAME)";
				SWIFT_EMIT_LOC_STRINGS = NO;
				SWIFT_VERSION = 5.0;
				TARGETED_DEVICE_FAMILY = "1,2";
				TEST_TARGET_NAME = CoffeeTracker;
			};
			name = Release;
		};
/* End XCBuildConfiguration section */

/* Begin XCConfigurationList section */
		AB83E15C2E4BAEF100EC2456 /* Build configuration list for PBXProject "CoffeeTracker" */ = {
			isa = XCConfigurationList;
			buildConfigurations = (
				AB83E1822E4BAEF300EC2456 /* Debug */,
				AB83E1832E4BAEF300EC2456 /* Release */,
			);
			defaultConfigurationIsVisible = 0;
			defaultConfigurationName = Release;
		};
		AB83E1842E4BAEF300EC2456 /* Build configuration list for PBXNativeTarget "CoffeeTracker" */ = {
			isa = XCConfigurationList;
			buildConfigurations = (
				AB83E1852E4BAEF300EC2456 /* Debug */,
				AB83E1862E4BAEF300EC2456 /* Release */,
			);
			defaultConfigurationIsVisible = 0;
			defaultConfigurationName = Release;
		};
		AB83E1872E4BAEF300EC2456 /* Build configuration list for PBXNativeTarget "CoffeeTrackerTests" */ = {
			isa = XCConfigurationList;
			buildConfigurations = (
				AB83E1882E4BAEF300EC2456 /* Debug */,
				AB83E1892E4BAEF300EC2456 /* Release */,
			);
			defaultConfigurationIsVisible = 0;
			defaultConfigurationName = Release;
		};
		AB83E18A2E4BAEF300EC2456 /* Build configuration list for PBXNativeTarget "CoffeeTrackerUITests" */ = {
			isa = XCConfigurationList;
			buildConfigurations = (
				AB83E18B2E4BAEF300EC2456 /* Debug */,
				AB83E18C2E4BAEF300EC2456 /* Release */,
			);
			defaultConfigurationIsVisible = 0;
			defaultConfigurationName = Release;
		};
/* End XCConfigurationList section */
	};
	rootObject = AB83E1592E4BAEF100EC2456 /* Project object */;
}
